// !$*UTF8*$!
{
	archiveVersion = 1;
	classes = {
	};
	objectVersion = 55;
	objects = {

/* Begin PBXBuildFile section */
		6303F54727BBCABF00C6E455 /* AppDelegate.swift in Sources */ = {isa = PBXBuildFile; fileRef = 6303F54627BBCABF00C6E455 /* AppDelegate.swift */; };
		6303F54927BBCABF00C6E455 /* SceneDelegate.swift in Sources */ = {isa = PBXBuildFile; fileRef = 6303F54827BBCABF00C6E455 /* SceneDelegate.swift */; };
		6303F54B27BBCABF00C6E455 /* ViewController.swift in Sources */ = {isa = PBXBuildFile; fileRef = 6303F54A27BBCABF00C6E455 /* ViewController.swift */; };
		6303F54E27BBCABF00C6E455 /* Main.storyboard in Resources */ = {isa = PBXBuildFile; fileRef = 6303F54C27BBCABF00C6E455 /* Main.storyboard */; };
		6303F55127BBCABF00C6E455 /* NASA_APOD.xcdatamodeld in Sources */ = {isa = PBXBuildFile; fileRef = 6303F54F27BBCABF00C6E455 /* NASA_APOD.xcdatamodeld */; };
		6303F55327BBCAC100C6E455 /* Assets.xcassets in Resources */ = {isa = PBXBuildFile; fileRef = 6303F55227BBCAC100C6E455 /* Assets.xcassets */; };
		6303F55627BBCAC100C6E455 /* LaunchScreen.storyboard in Resources */ = {isa = PBXBuildFile; fileRef = 6303F55427BBCAC100C6E455 /* LaunchScreen.storyboard */; };
		6303F56127BBCAC100C6E455 /* NASA_APODTests.swift in Sources */ = {isa = PBXBuildFile; fileRef = 6303F56027BBCAC100C6E455 /* NASA_APODTests.swift */; };
		6303F56B27BBCAC100C6E455 /* NASA_APODUITests.swift in Sources */ = {isa = PBXBuildFile; fileRef = 6303F56A27BBCAC100C6E455 /* NASA_APODUITests.swift */; };
		6303F56D27BBCAC100C6E455 /* NASA_APODUITestsLaunchTests.swift in Sources */ = {isa = PBXBuildFile; fileRef = 6303F56C27BBCAC100C6E455 /* NASA_APODUITestsLaunchTests.swift */; };
		6303F57E27BBCC4700C6E455 /* NASAAPICLIENT.swift in Sources */ = {isa = PBXBuildFile; fileRef = 6303F57D27BBCC4700C6E455 /* NASAAPICLIENT.swift */; };
		6303F58027BBCCC800C6E455 /* NASAModel.swift in Sources */ = {isa = PBXBuildFile; fileRef = 6303F57F27BBCCC800C6E455 /* NASAModel.swift */; };
		6369108B27BBD950001D8611 /* NASA_Table+CoreDataClass.swift in Sources */ = {isa = PBXBuildFile; fileRef = 6369108927BBD950001D8611 /* NASA_Table+CoreDataClass.swift */; };
		6369108C27BBD950001D8611 /* NASA_Table+CoreDataProperties.swift in Sources */ = {isa = PBXBuildFile; fileRef = 6369108A27BBD950001D8611 /* NASA_Table+CoreDataProperties.swift */; };
		6369108F27BBE037001D8611 /* Reachability.swift in Sources */ = {isa = PBXBuildFile; fileRef = 6369108E27BBE037001D8611 /* Reachability.swift */; };
/* End PBXBuildFile section */

/* Begin PBXContainerItemProxy section */
		6303F55D27BBCAC100C6E455 /* PBXContainerItemProxy */ = {
			isa = PBXContainerItemProxy;
			containerPortal = 6303F53B27BBCABF00C6E455 /* Project object */;
			proxyType = 1;
			remoteGlobalIDString = 6303F54227BBCABF00C6E455;
			remoteInfo = NASA_APOD;
		};
		6303F56727BBCAC100C6E455 /* PBXContainerItemProxy */ = {
			isa = PBXContainerItemProxy;
			containerPortal = 6303F53B27BBCABF00C6E455 /* Project object */;
			proxyType = 1;
			remoteGlobalIDString = 6303F54227BBCABF00C6E455;
			remoteInfo = NASA_APOD;
		};
/* End PBXContainerItemProxy section */

/* Begin PBXFileReference section */
		6303F54327BBCABF00C6E455 /* NASA_APOD.app */ = {isa = PBXFileReference; explicitFileType = wrapper.application; includeInIndex = 0; path = NASA_APOD.app; sourceTree = BUILT_PRODUCTS_DIR; };
		6303F54627BBCABF00C6E455 /* AppDelegate.swift */ = {isa = PBXFileReference; lastKnownFileType = sourcecode.swift; path = AppDelegate.swift; sourceTree = "<group>"; };
		6303F54827BBCABF00C6E455 /* SceneDelegate.swift */ = {isa = PBXFileReference; lastKnownFileType = sourcecode.swift; path = SceneDelegate.swift; sourceTree = "<group>"; };
		6303F54A27BBCABF00C6E455 /* ViewController.swift */ = {isa = PBXFileReference; lastKnownFileType = sourcecode.swift; path = ViewController.swift; sourceTree = "<group>"; };
		6303F54D27BBCABF00C6E455 /* Base */ = {isa = PBXFileReference; lastKnownFileType = file.storyboard; name = Base; path = Base.lproj/Main.storyboard; sourceTree = "<group>"; };
		6303F55027BBCABF00C6E455 /* NASA_APOD.xcdatamodel */ = {isa = PBXFileReference; lastKnownFileType = wrapper.xcdatamodel; path = NASA_APOD.xcdatamodel; sourceTree = "<group>"; };
		6303F55227BBCAC100C6E455 /* Assets.xcassets */ = {isa = PBXFileReference; lastKnownFileType = folder.assetcatalog; path = Assets.xcassets; sourceTree = "<group>"; };
		6303F55527BBCAC100C6E455 /* Base */ = {isa = PBXFileReference; lastKnownFileType = file.storyboard; name = Base; path = Base.lproj/LaunchScreen.storyboard; sourceTree = "<group>"; };
		6303F55727BBCAC100C6E455 /* Info.plist */ = {isa = PBXFileReference; lastKnownFileType = text.plist.xml; path = Info.plist; sourceTree = "<group>"; };
		6303F55C27BBCAC100C6E455 /* NASA_APODTests.xctest */ = {isa = PBXFileReference; explicitFileType = wrapper.cfbundle; includeInIndex = 0; path = NASA_APODTests.xctest; sourceTree = BUILT_PRODUCTS_DIR; };
		6303F56027BBCAC100C6E455 /* NASA_APODTests.swift */ = {isa = PBXFileReference; lastKnownFileType = sourcecode.swift; path = NASA_APODTests.swift; sourceTree = "<group>"; };
		6303F56627BBCAC100C6E455 /* NASA_APODUITests.xctest */ = {isa = PBXFileReference; explicitFileType = wrapper.cfbundle; includeInIndex = 0; path = NASA_APODUITests.xctest; sourceTree = BUILT_PRODUCTS_DIR; };
		6303F56A27BBCAC100C6E455 /* NASA_APODUITests.swift */ = {isa = PBXFileReference; lastKnownFileType = sourcecode.swift; path = NASA_APODUITests.swift; sourceTree = "<group>"; };
		6303F56C27BBCAC100C6E455 /* NASA_APODUITestsLaunchTests.swift */ = {isa = PBXFileReference; lastKnownFileType = sourcecode.swift; path = NASA_APODUITestsLaunchTests.swift; sourceTree = "<group>"; };
		6303F57D27BBCC4700C6E455 /* NASAAPICLIENT.swift */ = {isa = PBXFileReference; lastKnownFileType = sourcecode.swift; path = NASAAPICLIENT.swift; sourceTree = "<group>"; };
		6303F57F27BBCCC800C6E455 /* NASAModel.swift */ = {isa = PBXFileReference; lastKnownFileType = sourcecode.swift; path = NASAModel.swift; sourceTree = "<group>"; };
		6369108927BBD950001D8611 /* NASA_Table+CoreDataClass.swift */ = {isa = PBXFileReference; lastKnownFileType = sourcecode.swift; path = "NASA_Table+CoreDataClass.swift"; sourceTree = "<group>"; };
		6369108A27BBD950001D8611 /* NASA_Table+CoreDataProperties.swift */ = {isa = PBXFileReference; lastKnownFileType = sourcecode.swift; path = "NASA_Table+CoreDataProperties.swift"; sourceTree = "<group>"; };
		6369108E27BBE037001D8611 /* Reachability.swift */ = {isa = PBXFileReference; lastKnownFileType = sourcecode.swift; path = Reachability.swift; sourceTree = "<group>"; };
/* End PBXFileReference section */

/* Begin PBXFrameworksBuildPhase section */
		6303F54027BBCABF00C6E455 /* Frameworks */ = {
			isa = PBXFrameworksBuildPhase;
			buildActionMask = 2147483647;
			files = (
			);
			runOnlyForDeploymentPostprocessing = 0;
		};
		6303F55927BBCAC100C6E455 /* Frameworks */ = {
			isa = PBXFrameworksBuildPhase;
			buildActionMask = 2147483647;
			files = (
			);
			runOnlyForDeploymentPostprocessing = 0;
		};
		6303F56327BBCAC100C6E455 /* Frameworks */ = {
			isa = PBXFrameworksBuildPhase;
			buildActionMask = 2147483647;
			files = (
			);
			runOnlyForDeploymentPostprocessing = 0;
		};
/* End PBXFrameworksBuildPhase section */

/* Begin PBXGroup section */
		6303F53A27BBCABF00C6E455 = {
			isa = PBXGroup;
			children = (
				6369108927BBD950001D8611 /* NASA_Table+CoreDataClass.swift */,
				6369108A27BBD950001D8611 /* NASA_Table+CoreDataProperties.swift */,
				6303F54527BBCABF00C6E455 /* NASA_APOD */,
				6303F55F27BBCAC100C6E455 /* NASA_APODTests */,
				6303F56927BBCAC100C6E455 /* NASA_APODUITests */,
				6303F54427BBCABF00C6E455 /* Products */,
			);
			sourceTree = "<group>";
		};
		6303F54427BBCABF00C6E455 /* Products */ = {
			isa = PBXGroup;
			children = (
				6303F54327BBCABF00C6E455 /* NASA_APOD.app */,
				6303F55C27BBCAC100C6E455 /* NASA_APODTests.xctest */,
				6303F56627BBCAC100C6E455 /* NASA_APODUITests.xctest */,
			);
			name = Products;
			sourceTree = "<group>";
		};
		6303F54527BBCABF00C6E455 /* NASA_APOD */ = {
			isa = PBXGroup;
			children = (
				6369108D27BBE027001D8611 /* Utils */,
				6303F57927BBCAC900C6E455 /* models */,
				6303F57A27BBCAD100C6E455 /* viewmodels */,
				6303F57C27BBCAEC00C6E455 /* controllers */,
				6303F57B27BBCAE200C6E455 /* views */,
				6303F54627BBCABF00C6E455 /* AppDelegate.swift */,
				6303F54827BBCABF00C6E455 /* SceneDelegate.swift */,
				6303F55227BBCAC100C6E455 /* Assets.xcassets */,
				6303F55427BBCAC100C6E455 /* LaunchScreen.storyboard */,
				6303F55727BBCAC100C6E455 /* Info.plist */,
				6303F54F27BBCABF00C6E455 /* NASA_APOD.xcdatamodeld */,
			);
			path = NASA_APOD;
			sourceTree = "<group>";
		};
		6303F55F27BBCAC100C6E455 /* NASA_APODTests */ = {
			isa = PBXGroup;
			children = (
				6303F56027BBCAC100C6E455 /* NASA_APODTests.swift */,
			);
			path = NASA_APODTests;
			sourceTree = "<group>";
		};
		6303F56927BBCAC100C6E455 /* NASA_APODUITests */ = {
			isa = PBXGroup;
			children = (
				6303F56A27BBCAC100C6E455 /* NASA_APODUITests.swift */,
				6303F56C27BBCAC100C6E455 /* NASA_APODUITestsLaunchTests.swift */,
			);
			path = NASA_APODUITests;
			sourceTree = "<group>";
		};
		6303F57927BBCAC900C6E455 /* models */ = {
			isa = PBXGroup;
			children = (
				6303F57F27BBCCC800C6E455 /* NASAModel.swift */,
			);
			path = models;
			sourceTree = "<group>";
		};
		6303F57A27BBCAD100C6E455 /* viewmodels */ = {
			isa = PBXGroup;
			children = (
				6303F57D27BBCC4700C6E455 /* NASAAPICLIENT.swift */,
			);
			path = viewmodels;
			sourceTree = "<group>";
		};
		6303F57B27BBCAE200C6E455 /* views */ = {
			isa = PBXGroup;
			children = (
				6303F54C27BBCABF00C6E455 /* Main.storyboard */,
			);
			path = views;
			sourceTree = "<group>";
		};
		6303F57C27BBCAEC00C6E455 /* controllers */ = {
			isa = PBXGroup;
			children = (
				6303F54A27BBCABF00C6E455 /* ViewController.swift */,
			);
			path = controllers;
			sourceTree = "<group>";
		};
		6369108D27BBE027001D8611 /* Utils */ = {
			isa = PBXGroup;
			children = (
				6369108E27BBE037001D8611 /* Reachability.swift */,
			);
			path = Utils;
			sourceTree = "<group>";
		};
/* End PBXGroup section */

/* Begin PBXNativeTarget section */
		6303F54227BBCABF00C6E455 /* NASA_APOD */ = {
			isa = PBXNativeTarget;
			buildConfigurationList = 6303F57027BBCAC100C6E455 /* Build configuration list for PBXNativeTarget "NASA_APOD" */;
			buildPhases = (
				6303F53F27BBCABF00C6E455 /* Sources */,
				6303F54027BBCABF00C6E455 /* Frameworks */,
				6303F54127BBCABF00C6E455 /* Resources */,
			);
			buildRules = (
			);
			dependencies = (
			);
			name = NASA_APOD;
			productName = NASA_APOD;
			productReference = 6303F54327BBCABF00C6E455 /* NASA_APOD.app */;
			productType = "com.apple.product-type.application";
		};
		6303F55B27BBCAC100C6E455 /* NASA_APODTests */ = {
			isa = PBXNativeTarget;
			buildConfigurationList = 6303F57327BBCAC100C6E455 /* Build configuration list for PBXNativeTarget "NASA_APODTests" */;
			buildPhases = (
				6303F55827BBCAC100C6E455 /* Sources */,
				6303F55927BBCAC100C6E455 /* Frameworks */,
				6303F55A27BBCAC100C6E455 /* Resources */,
			);
			buildRules = (
			);
			dependencies = (
				6303F55E27BBCAC100C6E455 /* PBXTargetDependency */,
			);
			name = NASA_APODTests;
			productName = NASA_APODTests;
			productReference = 6303F55C27BBCAC100C6E455 /* NASA_APODTests.xctest */;
			productType = "com.apple.product-type.bundle.unit-test";
		};
		6303F56527BBCAC100C6E455 /* NASA_APODUITests */ = {
			isa = PBXNativeTarget;
			buildConfigurationList = 6303F57627BBCAC100C6E455 /* Build configuration list for PBXNativeTarget "NASA_APODUITests" */;
			buildPhases = (
				6303F56227BBCAC100C6E455 /* Sources */,
				6303F56327BBCAC100C6E455 /* Frameworks */,
				6303F56427BBCAC100C6E455 /* Resources */,
			);
			buildRules = (
			);
			dependencies = (
				6303F56827BBCAC100C6E455 /* PBXTargetDependency */,
			);
			name = NASA_APODUITests;
			productName = NASA_APODUITests;
			productReference = 6303F56627BBCAC100C6E455 /* NASA_APODUITests.xctest */;
			productType = "com.apple.product-type.bundle.ui-testing";
		};
/* End PBXNativeTarget section */

/* Begin PBXProject section */
		6303F53B27BBCABF00C6E455 /* Project object */ = {
			isa = PBXProject;
			attributes = {
				BuildIndependentTargetsInParallel = 1;
				LastSwiftUpdateCheck = 1320;
				LastUpgradeCheck = 1320;
				TargetAttributes = {
					6303F54227BBCABF00C6E455 = {
						CreatedOnToolsVersion = 13.2.1;
					};
					6303F55B27BBCAC100C6E455 = {
						CreatedOnToolsVersion = 13.2.1;
						TestTargetID = 6303F54227BBCABF00C6E455;
					};
					6303F56527BBCAC100C6E455 = {
						CreatedOnToolsVersion = 13.2.1;
						TestTargetID = 6303F54227BBCABF00C6E455;
					};
				};
			};
			buildConfigurationList = 6303F53E27BBCABF00C6E455 /* Build configuration list for PBXProject "NASA_APOD" */;
			compatibilityVersion = "Xcode 13.0";
			developmentRegion = en;
			hasScannedForEncodings = 0;
			knownRegions = (
				en,
				Base,
			);
			mainGroup = 6303F53A27BBCABF00C6E455;
			productRefGroup = 6303F54427BBCABF00C6E455 /* Products */;
			projectDirPath = "";
			projectRoot = "";
			targets = (
				6303F54227BBCABF00C6E455 /* NASA_APOD */,
				6303F55B27BBCAC100C6E455 /* NASA_APODTests */,
				6303F56527BBCAC100C6E455 /* NASA_APODUITests */,
			);
		};
/* End PBXProject section */

/* Begin PBXResourcesBuildPhase section */
		6303F54127BBCABF00C6E455 /* Resources */ = {
			isa = PBXResourcesBuildPhase;
			buildActionMask = 2147483647;
			files = (
				6303F55627BBCAC100C6E455 /* LaunchScreen.storyboard in Resources */,
				6303F55327BBCAC100C6E455 /* Assets.xcassets in Resources */,
				6303F54E27BBCABF00C6E455 /* Main.storyboard in Resources */,
			);
			runOnlyForDeploymentPostprocessing = 0;
		};
		6303F55A27BBCAC100C6E455 /* Resources */ = {
			isa = PBXResourcesBuildPhase;
			buildActionMask = 2147483647;
			files = (
			);
			runOnlyForDeploymentPostprocessing = 0;
		};
		6303F56427BBCAC100C6E455 /* Resources */ = {
			isa = PBXResourcesBuildPhase;
			buildActionMask = 2147483647;
			files = (
			);
			runOnlyForDeploymentPostprocessing = 0;
		};
/* End PBXResourcesBuildPhase section */

/* Begin PBXSourcesBuildPhase section */
		6303F53F27BBCABF00C6E455 /* Sources */ = {
			isa = PBXSourcesBuildPhase;
			buildActionMask = 2147483647;
			files = (
				6303F57E27BBCC4700C6E455 /* NASAAPICLIENT.swift in Sources */,
				6303F55127BBCABF00C6E455 /* NASA_APOD.xcdatamodeld in Sources */,
				6303F54B27BBCABF00C6E455 /* ViewController.swift in Sources */,
				6369108C27BBD950001D8611 /* NASA_Table+CoreDataProperties.swift in Sources */,
				6303F54727BBCABF00C6E455 /* AppDelegate.swift in Sources */,
				6369108F27BBE037001D8611 /* Reachability.swift in Sources */,
				6369108B27BBD950001D8611 /* NASA_Table+CoreDataClass.swift in Sources */,
				6303F58027BBCCC800C6E455 /* NASAModel.swift in Sources */,
				6303F54927BBCABF00C6E455 /* SceneDelegate.swift in Sources */,
			);
			runOnlyForDeploymentPostprocessing = 0;
		};
		6303F55827BBCAC100C6E455 /* Sources */ = {
			isa = PBXSourcesBuildPhase;
			buildActionMask = 2147483647;
			files = (
				6303F56127BBCAC100C6E455 /* NASA_APODTests.swift in Sources */,
			);
			runOnlyForDeploymentPostprocessing = 0;
		};
		6303F56227BBCAC100C6E455 /* Sources */ = {
			isa = PBXSourcesBuildPhase;
			buildActionMask = 2147483647;
			files = (
				6303F56B27BBCAC100C6E455 /* NASA_APODUITests.swift in Sources */,
				6303F56D27BBCAC100C6E455 /* NASA_APODUITestsLaunchTests.swift in Sources */,
			);
			runOnlyForDeploymentPostprocessing = 0;
		};
/* End PBXSourcesBuildPhase section */

/* Begin PBXTargetDependency section */
		6303F55E27BBCAC100C6E455 /* PBXTargetDependency */ = {
			isa = PBXTargetDependency;
			target = 6303F54227BBCABF00C6E455 /* NASA_APOD */;
			targetProxy = 6303F55D27BBCAC100C6E455 /* PBXContainerItemProxy */;
		};
		6303F56827BBCAC100C6E455 /* PBXTargetDependency */ = {
			isa = PBXTargetDependency;
			target = 6303F54227BBCABF00C6E455 /* NASA_APOD */;
			targetProxy = 6303F56727BBCAC100C6E455 /* PBXContainerItemProxy */;
		};
/* End PBXTargetDependency section */

/* Begin PBXVariantGroup section */
		6303F54C27BBCABF00C6E455 /* Main.storyboard */ = {
			isa = PBXVariantGroup;
			children = (
				6303F54D27BBCABF00C6E455 /* Base */,
			);
			name = Main.storyboard;
			sourceTree = "<group>";
		};
		6303F55427BBCAC100C6E455 /* LaunchScreen.storyboard */ = {
			isa = PBXVariantGroup;
			children = (
				6303F55527BBCAC100C6E455 /* Base */,
			);
			name = LaunchScreen.storyboard;
			sourceTree = "<group>";
		};
/* End PBXVariantGroup section */

/* Begin XCBuildConfiguration section */
		6303F56E27BBCAC100C6E455 /* Debug */ = {
			isa = XCBuildConfiguration;
			buildSettings = {
				ALWAYS_SEARCH_USER_PATHS = NO;
				CLANG_ANALYZER_NONNULL = YES;
				CLANG_ANALYZER_NUMBER_OBJECT_CONVERSION = YES_AGGRESSIVE;
				CLANG_CXX_LANGUAGE_STANDARD = "gnu++17";
				CLANG_CXX_LIBRARY = "libc++";
				CLANG_ENABLE_MODULES = YES;
				CLANG_ENABLE_OBJC_ARC = YES;
				CLANG_ENABLE_OBJC_WEAK = YES;
				CLANG_WARN_BLOCK_CAPTURE_AUTORELEASING = YES;
				CLANG_WARN_BOOL_CONVERSION = YES;
				CLANG_WARN_COMMA = YES;
				CLANG_WARN_CONSTANT_CONVERSION = YES;
				CLANG_WARN_DEPRECATED_OBJC_IMPLEMENTATIONS = YES;
				CLANG_WARN_DIRECT_OBJC_ISA_USAGE = YES_ERROR;
				CLANG_WARN_DOCUMENTATION_COMMENTS = YES;
				CLANG_WARN_EMPTY_BODY = YES;
				CLANG_WARN_ENUM_CONVERSION = YES;
				CLANG_WARN_INFINITE_RECURSION = YES;
				CLANG_WARN_INT_CONVERSION = YES;
				CLANG_WARN_NON_LITERAL_NULL_CONVERSION = YES;
				CLANG_WARN_OBJC_IMPLICIT_RETAIN_SELF = YES;
				CLANG_WARN_OBJC_LITERAL_CONVERSION = YES;
				CLANG_WARN_OBJC_ROOT_CLASS = YES_ERROR;
				CLANG_WARN_QUOTED_INCLUDE_IN_FRAMEWORK_HEADER = YES;
				CLANG_WARN_RANGE_LOOP_ANALYSIS = YES;
				CLANG_WARN_STRICT_PROTOTYPES = YES;
				CLANG_WARN_SUSPICIOUS_MOVE = YES;
				CLANG_WARN_UNGUARDED_AVAILABILITY = YES_AGGRESSIVE;
				CLANG_WARN_UNREACHABLE_CODE = YES;
				CLANG_WARN__DUPLICATE_METHOD_MATCH = YES;
				COPY_PHASE_STRIP = NO;
				DEBUG_INFORMATION_FORMAT = dwarf;
				ENABLE_STRICT_OBJC_MSGSEND = YES;
				ENABLE_TESTABILITY = YES;
				GCC_C_LANGUAGE_STANDARD = gnu11;
				GCC_DYNAMIC_NO_PIC = NO;
				GCC_NO_COMMON_BLOCKS = YES;
				GCC_OPTIMIZATION_LEVEL = 0;
				GCC_PREPROCESSOR_DEFINITIONS = (
					"DEBUG=1",
					"$(inherited)",
				);
				GCC_WARN_64_TO_32_BIT_CONVERSION = YES;
				GCC_WARN_ABOUT_RETURN_TYPE = YES_ERROR;
				GCC_WARN_UNDECLARED_SELECTOR = YES;
				GCC_WARN_UNINITIALIZED_AUTOS = YES_AGGRESSIVE;
				GCC_WARN_UNUSED_FUNCTION = YES;
				GCC_WARN_UNUSED_VARIABLE = YES;
				IPHONEOS_DEPLOYMENT_TARGET = 15.2;
				MTL_ENABLE_DEBUG_INFO = INCLUDE_SOURCE;
				MTL_FAST_MATH = YES;
				ONLY_ACTIVE_ARCH = YES;
				SDKROOT = iphoneos;
				SWIFT_ACTIVE_COMPILATION_CONDITIONS = DEBUG;
				SWIFT_OPTIMIZATION_LEVEL = "-Onone";
			};
			name = Debug;
		};
		6303F56F27BBCAC100C6E455 /* Release */ = {
			isa = XCBuildConfiguration;
			buildSettings = {
				ALWAYS_SEARCH_USER_PATHS = NO;
				CLANG_ANALYZER_NONNULL = YES;
				CLANG_ANALYZER_NUMBER_OBJECT_CONVERSION = YES_AGGRESSIVE;
				CLANG_CXX_LANGUAGE_STANDARD = "gnu++17";
				CLANG_CXX_LIBRARY = "libc++";
				CLANG_ENABLE_MODULES = YES;
				CLANG_ENABLE_OBJC_ARC = YES;
				CLANG_ENABLE_OBJC_WEAK = YES;
				CLANG_WARN_BLOCK_CAPTURE_AUTORELEASING = YES;
				CLANG_WARN_BOOL_CONVERSION = YES;
				CLANG_WARN_COMMA = YES;
				CLANG_WARN_CONSTANT_CONVERSION = YES;
				CLANG_WARN_DEPRECATED_OBJC_IMPLEMENTATIONS = YES;
				CLANG_WARN_DIRECT_OBJC_ISA_USAGE = YES_ERROR;
				CLANG_WARN_DOCUMENTATION_COMMENTS = YES;
				CLANG_WARN_EMPTY_BODY = YES;
				CLANG_WARN_ENUM_CONVERSION = YES;
				CLANG_WARN_INFINITE_RECURSION = YES;
				CLANG_WARN_INT_CONVERSION = YES;
				CLANG_WARN_NON_LITERAL_NULL_CONVERSION = YES;
				CLANG_WARN_OBJC_IMPLICIT_RETAIN_SELF = YES;
				CLANG_WARN_OBJC_LITERAL_CONVERSION = YES;
				CLANG_WARN_OBJC_ROOT_CLASS = YES_ERROR;
				CLANG_WARN_QUOTED_INCLUDE_IN_FRAMEWORK_HEADER = YES;
				CLANG_WARN_RANGE_LOOP_ANALYSIS = YES;
				CLANG_WARN_STRICT_PROTOTYPES = YES;
				CLANG_WARN_SUSPICIOUS_MOVE = YES;
				CLANG_WARN_UNGUARDED_AVAILABILITY = YES_AGGRESSIVE;
				CLANG_WARN_UNREACHABLE_CODE = YES;
				CLANG_WARN__DUPLICATE_METHOD_MATCH = YES;
				COPY_PHASE_STRIP = NO;
				DEBUG_INFORMATION_FORMAT = "dwarf-with-dsym";
				ENABLE_NS_ASSERTIONS = NO;
				ENABLE_STRICT_OBJC_MSGSEND = YES;
				GCC_C_LANGUAGE_STANDARD = gnu11;
				GCC_NO_COMMON_BLOCKS = YES;
				GCC_WARN_64_TO_32_BIT_CONVERSION = YES;
				GCC_WARN_ABOUT_RETURN_TYPE = YES_ERROR;
				GCC_WARN_UNDECLARED_SELECTOR = YES;
				GCC_WARN_UNINITIALIZED_AUTOS = YES_AGGRESSIVE;
				GCC_WARN_UNUSED_FUNCTION = YES;
				GCC_WARN_UNUSED_VARIABLE = YES;
				IPHONEOS_DEPLOYMENT_TARGET = 15.2;
				MTL_ENABLE_DEBUG_INFO = NO;
				MTL_FAST_MATH = YES;
				SDKROOT = iphoneos;
				SWIFT_COMPILATION_MODE = wholemodule;
				SWIFT_OPTIMIZATION_LEVEL = "-O";
				VALIDATE_PRODUCT = YES;
			};
			name = Release;
		};
		6303F57127BBCAC100C6E455 /* Debug */ = {
			isa = XCBuildConfiguration;
			buildSettings = {
				ASSETCATALOG_COMPILER_APPICON_NAME = AppIcon;
				ASSETCATALOG_COMPILER_GLOBAL_ACCENT_COLOR_NAME = AccentColor;
				CODE_SIGN_STYLE = Automatic;
				CURRENT_PROJECT_VERSION = 1;
				DEVELOPMENT_TEAM = 6MHN5767EU;
				GENERATE_INFOPLIST_FILE = YES;
				INFOPLIST_FILE = NASA_APOD/Info.plist;
				INFOPLIST_KEY_UIApplicationSupportsIndirectInputEvents = YES;
				INFOPLIST_KEY_UILaunchStoryboardName = LaunchScreen;
				INFOPLIST_KEY_UIMainStoryboardFile = Main;
				INFOPLIST_KEY_UISupportedInterfaceOrientations_iPad = "UIInterfaceOrientationPortrait UIInterfaceOrientationPortraitUpsideDown UIInterfaceOrientationLandscapeLeft UIInterfaceOrientationLandscapeRight";
				INFOPLIST_KEY_UISupportedInterfaceOrientations_iPhone = "UIInterfaceOrientationPortrait UIInterfaceOrientationLandscapeLeft UIInterfaceOrientationLandscapeRight";
				LD_RUNPATH_SEARCH_PATHS = (
					"$(inherited)",
					"@executable_path/Frameworks",
				);
				MARKETING_VERSION = 1.0;
				PRODUCT_BUNDLE_IDENTIFIER = "ABC.NASA-APOD";
				PRODUCT_NAME = "$(TARGET_NAME)";
				SWIFT_EMIT_LOC_STRINGS = YES;
				SWIFT_VERSION = 5.0;
				TARGETED_DEVICE_FAMILY = "1,2";
			};
			name = Debug;
		};
		6303F57227BBCAC100C6E455 /* Release */ = {
			isa = XCBuildConfiguration;
			buildSettings = {
				ASSETCATALOG_COMPILER_APPICON_NAME = AppIcon;
				ASSETCATALOG_COMPILER_GLOBAL_ACCENT_COLOR_NAME = AccentColor;
				CODE_SIGN_STYLE = Automatic;
				CURRENT_PROJECT_VERSION = 1;
				DEVELOPMENT_TEAM = 6MHN5767EU;
				GENERATE_INFOPLIST_FILE = YES;
				INFOPLIST_FILE = NASA_APOD/Info.plist;
				INFOPLIST_KEY_UIApplicationSupportsIndirectInputEvents = YES;
				INFOPLIST_KEY_UILaunchStoryboardName = LaunchScreen;
				INFOPLIST_KEY_UIMainStoryboardFile = Main;
				INFOPLIST_KEY_UISupportedInterfaceOrientations_iPad = "UIInterfaceOrientationPortrait UIInterfaceOrientationPortraitUpsideDown UIInterfaceOrientationLandscapeLeft UIInterfaceOrientationLandscapeRight";
				INFOPLIST_KEY_UISupportedInterfaceOrientations_iPhone = "UIInterfaceOrientationPortrait UIInterfaceOrientationLandscapeLeft UIInterfaceOrientationLandscapeRight";
				LD_RUNPATH_SEARCH_PATHS = (
					"$(inherited)",
					"@executable_path/Frameworks",
				);
				MARKETING_VERSION = 1.0;
				PRODUCT_BUNDLE_IDENTIFIER = "ABC.NASA-APOD";
				PRODUCT_NAME = "$(TARGET_NAME)";
				SWIFT_EMIT_LOC_STRINGS = YES;
				SWIFT_VERSION = 5.0;
				TARGETED_DEVICE_FAMILY = "1,2";
			};
			name = Release;
		};
		6303F57427BBCAC100C6E455 /* Debug */ = {
			isa = XCBuildConfiguration;
			buildSettings = {
				ALWAYS_EMBED_SWIFT_STANDARD_LIBRARIES = YES;
				BUNDLE_LOADER = "$(TEST_HOST)";
				CODE_SIGN_STYLE = Automatic;
				CURRENT_PROJECT_VERSION = 1;
				DEVELOPMENT_TEAM = 6MHN5767EU;
				GENERATE_INFOPLIST_FILE = YES;
				IPHONEOS_DEPLOYMENT_TARGET = 15.2;
				MARKETING_VERSION = 1.0;
				PRODUCT_BUNDLE_IDENTIFIER = "ABC.NASA-APODTests";
				PRODUCT_NAME = "$(TARGET_NAME)";
				SWIFT_EMIT_LOC_STRINGS = NO;
				SWIFT_VERSION = 5.0;
				TARGETED_DEVICE_FAMILY = "1,2";
				TEST_HOST = "$(BUILT_PRODUCTS_DIR)/NASA_APOD.app/NASA_APOD";
			};
			name = Debug;
		};
		6303F57527BBCAC100C6E455 /* Release */ = {
			isa = XCBuildConfiguration;
			buildSettings = {
				ALWAYS_EMBED_SWIFT_STANDARD_LIBRARIES = YES;
				BUNDLE_LOADER = "$(TEST_HOST)";
				CODE_SIGN_STYLE = Automatic;
				CURRENT_PROJECT_VERSION = 1;
				DEVELOPMENT_TEAM = 6MHN5767EU;
				GENERATE_INFOPLIST_FILE = YES;
				IPHONEOS_DEPLOYMENT_TARGET = 15.2;
				MARKETING_VERSION = 1.0;
				PRODUCT_BUNDLE_IDENTIFIER = "ABC.NASA-APODTests";
				PRODUCT_NAME = "$(TARGET_NAME)";
				SWIFT_EMIT_LOC_STRINGS = NO;
				SWIFT_VERSION = 5.0;
				TARGETED_DEVICE_FAMILY = "1,2";
				TEST_HOST = "$(BUILT_PRODUCTS_DIR)/NASA_APOD.app/NASA_APOD";
			};
			name = Release;
		};
		6303F57727BBCAC100C6E455 /* Debug */ = {
			isa = XCBuildConfiguration;
			buildSettings = {
				ALWAYS_EMBED_SWIFT_STANDARD_LIBRARIES = YES;
				CODE_SIGN_STYLE = Automatic;
				CURRENT_PROJECT_VERSION = 1;
				DEVELOPMENT_TEAM = 6MHN5767EU;
				GENERATE_INFOPLIST_FILE = YES;
				MARKETING_VERSION = 1.0;
				PRODUCT_BUNDLE_IDENTIFIER = "ABC.NASA-APODUITests";
				PRODUCT_NAME = "$(TARGET_NAME)";
				SWIFT_EMIT_LOC_STRINGS = NO;
				SWIFT_VERSION = 5.0;
				TARGETED_DEVICE_FAMILY = "1,2";
				TEST_TARGET_NAME = NASA_APOD;
			};
			name = Debug;
		};
		6303F57827BBCAC100C6E455 /* Release */ = {
			isa = XCBuildConfiguration;
			buildSettings = {
				ALWAYS_EMBED_SWIFT_STANDARD_LIBRARIES = YES;
				CODE_SIGN_STYLE = Automatic;
				CURRENT_PROJECT_VERSION = 1;
				DEVELOPMENT_TEAM = 6MHN5767EU;
				GENERATE_INFOPLIST_FILE = YES;
				MARKETING_VERSION = 1.0;
				PRODUCT_BUNDLE_IDENTIFIER = "ABC.NASA-APODUITests";
				PRODUCT_NAME = "$(TARGET_NAME)";
				SWIFT_EMIT_LOC_STRINGS = NO;
				SWIFT_VERSION = 5.0;
				TARGETED_DEVICE_FAMILY = "1,2";
				TEST_TARGET_NAME = NASA_APOD;
			};
			name = Release;
		};
/* End XCBuildConfiguration section */

/* Begin XCConfigurationList section */
		6303F53E27BBCABF00C6E455 /* Build configuration list for PBXProject "NASA_APOD" */ = {
			isa = XCConfigurationList;
			buildConfigurations = (
				6303F56E27BBCAC100C6E455 /* Debug */,
				6303F56F27BBCAC100C6E455 /* Release */,
			);
			defaultConfigurationIsVisible = 0;
			defaultConfigurationName = Release;
		};
		6303F57027BBCAC100C6E455 /* Build configuration list for PBXNativeTarget "NASA_APOD" */ = {
			isa = XCConfigurationList;
			buildConfigurations = (
				6303F57127BBCAC100C6E455 /* Debug */,
				6303F57227BBCAC100C6E455 /* Release */,
			);
			defaultConfigurationIsVisible = 0;
			defaultConfigurationName = Release;
		};
		6303F57327BBCAC100C6E455 /* Build configuration list for PBXNativeTarget "NASA_APODTests" */ = {
			isa = XCConfigurationList;
			buildConfigurations = (
				6303F57427BBCAC100C6E455 /* Debug */,
				6303F57527BBCAC100C6E455 /* Release */,
			);
			defaultConfigurationIsVisible = 0;
			defaultConfigurationName = Release;
		};
		6303F57627BBCAC100C6E455 /* Build configuration list for PBXNativeTarget "NASA_APODUITests" */ = {
			isa = XCConfigurationList;
			buildConfigurations = (
				6303F57727BBCAC100C6E455 /* Debug */,
				6303F57827BBCAC100C6E455 /* Release */,
			);
			defaultConfigurationIsVisible = 0;
			defaultConfigurationName = Release;
		};
/* End XCConfigurationList section */

/* Begin XCVersionGroup section */
		6303F54F27BBCABF00C6E455 /* NASA_APOD.xcdatamodeld */ = {
			isa = XCVersionGroup;
			children = (
				6303F55027BBCABF00C6E455 /* NASA_APOD.xcdatamodel */,
			);
			currentVersion = 6303F55027BBCABF00C6E455 /* NASA_APOD.xcdatamodel */;
			path = NASA_APOD.xcdatamodeld;
			sourceTree = "<group>";
			versionGroupType = wrapper.xcdatamodel;
		};
/* End XCVersionGroup section */
	};
	rootObject = 6303F53B27BBCABF00C6E455 /* Project object */;
}
